[[package]]
category = "main"
description = "A library for parsing and evaluating dice notation"
name = "dice"
optional = false
python-versions = "*"
version = "2.4.2"

[package.dependencies]
docopt = ">=0.6.1"
pyparsing = ">=2.4.1"

[[package]]
category = "main"
description = "Pythonic argument parser, that will make you smile"
name = "docopt"
optional = false
python-versions = "*"
version = "0.6.2"

[[package]]
category = "main"
description = "Python parsing module"
name = "pyparsing"
optional = false
python-versions = ">=2.6, !=3.0.*, !=3.1.*, !=3.2.*"
version = "2.4.5"

[metadata]
content-hash = "aec188aba058a516c202717dc5ca528a6f37e28761cdd4ad54aa1a9bad804d70"
python-versions = "^3.7"

[metadata.hashes]
dice = ["180783c626a6831a3f12bf0e3f9db0811517fc9a20aae72a2b00e93666739a38", "264253ddeb83a218799289c196aa44f8f8481cd8938d5bbf9be3ccbe88eab88f"]
docopt = ["49b3a825280bd66b3aa83585ef59c4a8c82f2c8a522dbe754a8bc8d08c85c491"]
pyparsing = ["20f995ecd72f2a1f4bf6b072b63b22e2eb457836601e76d6e5dfcd75436acc1f", "4ca62001be367f01bd3e92ecbb79070272a9d4964dce6a48a82ff0b8bc7e683a"]
